
Microsoft Visual Studio Solution File, Format Version 12.00
# Visual Studio 15
VisualStudioVersion = 15.0.28010.2050
MinimumVisualStudioVersion = 10.0.40219.1
Project("{FAE04EC0-301F-11D3-BF4B-00C04F79EFBC}") = "WebBlazorAppNew.Server", "WebBlazorAppNew.Server\WebBlazorAppNew.Server.csproj", "{F9FFC633-F295-4FFA-9866-FB2D4A14734B}"
EndProject
Project("{FAE04EC0-301F-11D3-BF4B-00C04F79EFBC}") = "WebBlazorAppNew.Client", "WebBlazorAppNew.Client\WebBlazorAppNew.Client.csproj", "{DD45EBBC-A256-4E7F-9FF7-3F2C7C5E170A}"
EndProject
Project("{FAE04EC0-301F-11D3-BF4B-00C04F79EFBC}") = "WebBlazorAppNew.Shared", "WebBlazorAppNew.Shared\WebBlazorAppNew.Shared.csproj", "{F5150001-CF48-485E-8A3E-976AF930015B}"
EndProject
Global
	GlobalSection(SolutionConfigurationPlatforms) = preSolution
		Debug|Any CPU = Debug|Any CPU
		Release|Any CPU = Release|Any CPU
	EndGlobalSection
	GlobalSection(ProjectConfigurationPlatforms) = postSolution
		{F9FFC633-F295-4FFA-9866-FB2D4A14734B}.Debug|Any CPU.ActiveCfg = Debug|Any CPU
		{F9FFC633-F295-4FFA-9866-FB2D4A14734B}.Debug|Any CPU.Build.0 = Debug|Any CPU
		{F9FFC633-F295-4FFA-9866-FB2D4A14734B}.Release|Any CPU.ActiveCfg = Release|Any CPU
		{F9FFC633-F295-4FFA-9866-FB2D4A14734B}.Release|Any CPU.Build.0 = Release|Any CPU
		{DD45EBBC-A256-4E7F-9FF7-3F2C7C5E170A}.Debug|Any CPU.ActiveCfg = Debug|Any CPU
		{DD45EBBC-A256-4E7F-9FF7-3F2C7C5E170A}.Debug|Any CPU.Build.0 = Debug|Any CPU
		{DD45EBBC-A256-4E7F-9FF7-3F2C7C5E170A}.Release|Any CPU.ActiveCfg = Release|Any CPU
		{DD45EBBC-A256-4E7F-9FF7-3F2C7C5E170A}.Release|Any CPU.Build.0 = Release|Any CPU
		{F5150001-CF48-485E-8A3E-976AF930015B}.Debug|Any CPU.ActiveCfg = Debug|Any CPU
		{F5150001-CF48-485E-8A3E-976AF930015B}.Debug|Any CPU.Build.0 = Debug|Any CPU
		{F5150001-CF48-485E-8A3E-976AF930015B}.Release|Any CPU.ActiveCfg = Release|Any CPU
		{F5150001-CF48-485E-8A3E-976AF930015B}.Release|Any CPU.Build.0 = Release|Any CPU
	EndGlobalSection
	GlobalSection(SolutionProperties) = preSolution
		HideSolutionNode = FALSE
	EndGlobalSection
	GlobalSection(ExtensibilityGlobals) = postSolution
		SolutionGuid = {B1DDCFDC-C8BA-4DF4-BEAB-E70F5B75BC4A}
	EndGlobalSection
EndGlobal
